{
  "projects": [
    {
      "projectId": "6TTzWJDNcVi4SRDtzdAGEU",
      "version": "latest",
      "dependencies": {},
      "lang": "ts",
      "fileLocks": [
        {
          "type": "globalVariant",
          "assetId": "f_hgQCRtV3ZER",
          "checksum": "12b8574d62247ef071b8760f9d0098c5"
        },
        {
          "assetId": "6TTzWJDNcVi4SRDtzdAGEU",
          "type": "projectCss",
          "checksum": "5b7949de59e8310e1b194c69f888e130"
        },
        {
          "type": "renderModule",
          "assetId": "do_pvsu54v637",
          "checksum": "f366e0b91028ebc4f10c30ac5ad10f0f"
        },
        {
          "type": "cssRules",
          "assetId": "do_pvsu54v637",
          "checksum": "f366e0b91028ebc4f10c30ac5ad10f0f"
        },
        {
          "type": "renderModule",
          "assetId": "KaSkA68BxtQX4",
          "checksum": "426a87d2f667eb82603a9dc743863213"
        },
        {
          "type": "cssRules",
          "assetId": "KaSkA68BxtQX4",
          "checksum": "426a87d2f667eb82603a9dc743863213"
        },
        {
          "type": "renderModule",
          "assetId": "7kyaFH1mJfS8d",
          "checksum": "5b02018053de5a6ec8c875c50cd00895"
        },
        {
          "type": "cssRules",
          "assetId": "7kyaFH1mJfS8d",
          "checksum": "5b02018053de5a6ec8c875c50cd00895"
        },
        {
          "type": "renderModule",
          "assetId": "e5s2VYmT1exKJ",
          "checksum": "a58e4f488f1fa06fc86c20b67201639d"
        },
        {
          "type": "cssRules",
          "assetId": "e5s2VYmT1exKJ",
          "checksum": "a58e4f488f1fa06fc86c20b67201639d"
        },
        {
          "type": "renderModule",
          "assetId": "dQmoHv6wLvxj5",
          "checksum": "6bf7f09b583a71d0259806a40456ba22"
        },
        {
          "type": "cssRules",
          "assetId": "dQmoHv6wLvxj5",
          "checksum": "6bf7f09b583a71d0259806a40456ba22"
        },
        {
          "type": "renderModule",
          "assetId": "fTi59to2CoiUH",
          "checksum": "8dc931ca6701f5f6263fe3704531c88d"
        },
        {
          "type": "cssRules",
          "assetId": "fTi59to2CoiUH",
          "checksum": "8dc931ca6701f5f6263fe3704531c88d"
        },
        {
          "type": "renderModule",
          "assetId": "95n2t80S5P4dw",
          "checksum": "2fb416c6b76096d41b1b5aff06e5df93"
        },
        {
          "type": "cssRules",
          "assetId": "95n2t80S5P4dw",
          "checksum": "2fb416c6b76096d41b1b5aff06e5df93"
        },
        {
          "type": "renderModule",
          "assetId": "lC5F21pI0zQIE",
          "checksum": "927c621a4d3700c67a091c4d81a520e4"
        },
        {
          "type": "cssRules",
          "assetId": "lC5F21pI0zQIE",
          "checksum": "927c621a4d3700c67a091c4d81a520e4"
        },
        {
          "type": "renderModule",
          "assetId": "AjEFslOWqlEdv",
          "checksum": "a2c5ceab1782202a4d772b6a94783eaf"
        },
        {
          "type": "cssRules",
          "assetId": "AjEFslOWqlEdv",
          "checksum": "a2c5ceab1782202a4d772b6a94783eaf"
        },
        {
          "type": "renderModule",
          "assetId": "sXmEbtVTs-E2g",
          "checksum": "60b10c62eeaf8ebf83cd1d5561adeb28"
        },
        {
          "type": "cssRules",
          "assetId": "sXmEbtVTs-E2g",
          "checksum": "60b10c62eeaf8ebf83cd1d5561adeb28"
        },
        {
          "type": "renderModule",
          "assetId": "bAzkDQxfI1",
          "checksum": "9a7c7371391181374c1454a0d3247edb"
        },
        {
          "type": "cssRules",
          "assetId": "bAzkDQxfI1",
          "checksum": "9a7c7371391181374c1454a0d3247edb"
        },
        {
          "type": "renderModule",
          "assetId": "scWPeMdD2O",
          "checksum": "608eadf3c9d106c4592eb4ae0de937f3"
        },
        {
          "type": "cssRules",
          "assetId": "scWPeMdD2O",
          "checksum": "608eadf3c9d106c4592eb4ae0de937f3"
        },
        {
          "type": "renderModule",
          "assetId": "ZTnFzgfwG8",
          "checksum": "0ab00c444a6f3657437c60b96f15c4d9"
        },
        {
          "type": "cssRules",
          "assetId": "ZTnFzgfwG8",
          "checksum": "0ab00c444a6f3657437c60b96f15c4d9"
        },
        {
          "type": "renderModule",
          "assetId": "aNBuNCGjgCi",
          "checksum": "978a1ccfe00ef359d38f38dfe8ee5c8f"
        },
        {
          "type": "cssRules",
          "assetId": "aNBuNCGjgCi",
          "checksum": "978a1ccfe00ef359d38f38dfe8ee5c8f"
        },
        {
          "type": "renderModule",
          "assetId": "6WUd4gVKXAq",
          "checksum": "e8c16cfc27561268c14f5a0380cb9ac5"
        },
        {
          "type": "cssRules",
          "assetId": "6WUd4gVKXAq",
          "checksum": "e8c16cfc27561268c14f5a0380cb9ac5"
        },
        {
          "type": "renderModule",
          "assetId": "uNIQJifW4Lt",
          "checksum": "2f33a70b202d9ad621981bb992e10736"
        },
        {
          "type": "cssRules",
          "assetId": "uNIQJifW4Lt",
          "checksum": "2f33a70b202d9ad621981bb992e10736"
        },
        {
          "type": "renderModule",
          "assetId": "d_UbVB-ovHL",
          "checksum": "852baa68ed864eddd74e019794d2218f"
        },
        {
          "type": "cssRules",
          "assetId": "d_UbVB-ovHL",
          "checksum": "852baa68ed864eddd74e019794d2218f"
        },
        {
          "type": "renderModule",
          "assetId": "DbWNBtshboJ",
          "checksum": "14731ec6a4cb0dbaf9d42143f27cacc3"
        },
        {
          "type": "cssRules",
          "assetId": "DbWNBtshboJ",
          "checksum": "14731ec6a4cb0dbaf9d42143f27cacc3"
        },
        {
          "type": "renderModule",
          "assetId": "dbJqfRXZA_1",
          "checksum": "4db67cda437e871b84e5713b3bbd4da2"
        },
        {
          "type": "cssRules",
          "assetId": "dbJqfRXZA_1",
          "checksum": "4db67cda437e871b84e5713b3bbd4da2"
        },
        {
          "type": "renderModule",
          "assetId": "cLVFX14gByQ",
          "checksum": "e77c5289e875718bfa245105d1d46767"
        },
        {
          "type": "cssRules",
          "assetId": "cLVFX14gByQ",
          "checksum": "e77c5289e875718bfa245105d1d46767"
        },
        {
          "type": "icon",
          "assetId": "KeJ8EvvbMAgJI",
          "checksum": "2345b0b43ab6e6d7e91c0afc8b64ea0d"
        },
        {
          "type": "icon",
          "assetId": "eGrzxDhzXZKfc",
          "checksum": "0ccf359d2f79311b8cf2897cda1f9ee7"
        },
        {
          "type": "icon",
          "assetId": "Zh6G0_JVGbzUQ",
          "checksum": "3626c5f3dac85e40d5de4f80a6875a1f"
        },
        {
          "type": "icon",
          "assetId": "OSGRI048FFjMP",
          "checksum": "3cd65a35d75c71a829ce4a1746624450"
        },
        {
          "type": "icon",
          "assetId": "V-p5mfEXcM2wM",
          "checksum": "1afc04f06bda64cd63e625bb98c8c226"
        },
        {
          "type": "icon",
          "assetId": "gHQkw9QTSP9p3",
          "checksum": "22b67a574f1c29845c7efb0f5a9ac57c"
        },
        {
          "type": "icon",
          "assetId": "J7ACpc7u7nE1i",
          "checksum": "fbc3eb8019cafffab7fc3b4e0aebe4cb"
        },
        {
          "type": "icon",
          "assetId": "c4Ts-iVtYi1qv",
          "checksum": "1d8cbd83ab41d7d2013d1088c74ec5da"
        },
        {
          "type": "icon",
          "assetId": "HV1mAiKsd0wXR",
          "checksum": "bc33f75487eed5d93326f0c4c6569214"
        },
        {
          "type": "icon",
          "assetId": "OELFH0NtlTlCX",
          "checksum": "57b7504ef9352d5860647ec9cdce0690"
        },
        {
          "type": "icon",
          "assetId": "dPZ9d1RX9yu5n",
          "checksum": "e6f49f612e9bd0feee6d7156529afb98"
        },
        {
          "type": "icon",
          "assetId": "SQyJ-9Ju2hnpd",
          "checksum": "aa21fe308959bbcbf11a56edc212c15c"
        },
        {
          "type": "icon",
          "assetId": "Ed3BZhc6pWNpz",
          "checksum": "6437bab1947ccf5b1deb4646e285e775"
        },
        {
          "type": "icon",
          "assetId": "aL7mSUzRE4_E0",
          "checksum": "f9222a7dd1f5d7c9c718e516b0e2ecd7"
        },
        {
          "type": "image",
          "assetId": "wNtifs2zLPIJ8",
          "checksum": "3d3a65650b68f7112470e0bcc8807466"
        },
        {
          "type": "image",
          "assetId": "wrKCql3Mpw_8k",
          "checksum": "4f49dc50ab33de6d94ccc8750303b62f"
        },
        {
          "type": "image",
          "assetId": "Dd2ESI-LaA8Zz",
          "checksum": "5c587df9cc115de3fcd2c5c809b0d9b8"
        },
        {
          "type": "image",
          "assetId": "cZEEGCzTG8QVu",
          "checksum": "440ba1e84ada4717272d106ddcd3d8ba"
        },
        {
          "type": "image",
          "assetId": "_1mRcnV8E4oQW",
          "checksum": "3394d23475f3a9a3940b1da2b201a5fd"
        },
        {
          "type": "image",
          "assetId": "CXDUKKARjYxjM",
          "checksum": "eb7ad89ffaf50785d7dd18856b9a6733"
        },
        {
          "type": "image",
          "assetId": "Dy_bzsEe8iDj8",
          "checksum": "b9a22b88121d7666e0ea732b54f426eb"
        },
        {
          "type": "image",
          "assetId": "_LO8ToitD6pRw",
          "checksum": "b7d556d45086a3fc5f52346e6cea7bc9"
        },
        {
          "type": "image",
          "assetId": "vkB366fQVIA7Z",
          "checksum": "75a0636786e9258790942be314e5b0df"
        },
        {
          "type": "image",
          "assetId": "BXrYf4_iK8beh",
          "checksum": "b7a733158bbf98d02a6a041cb2e4af5a"
        },
        {
          "type": "image",
          "assetId": "nZrLixCkszrIQ",
          "checksum": "7bb01188574e18c6c469af95d99ef160"
        },
        {
          "type": "image",
          "assetId": "4tpDVwWRv6uDq",
          "checksum": "91218df2f4624e195bc63053d97d4b26"
        },
        {
          "type": "image",
          "assetId": "1VzC4pLa5xUKO",
          "checksum": "939a9dcac24ca356bf166ef5e0262746"
        },
        {
          "type": "image",
          "assetId": "HSAZW8kOpIk51",
          "checksum": "ffc8060c5bb46b32281ae7cbb5693a9b"
        },
        {
          "type": "image",
          "assetId": "1-zvZBH_W-j9v",
          "checksum": "d04a759ff291d76e582e1db3d57f6207"
        },
        {
          "type": "image",
          "assetId": "qu5vtWoeR2OGD",
          "checksum": "a22c022e920e8539b3f0090763c67472"
        },
        {
          "type": "image",
          "assetId": "0EA5zYNLE4l1b",
          "checksum": "a2152285a15ff28a36b22ae512c6bf13"
        },
        {
          "type": "image",
          "assetId": "Tv-CrIc1DyLp9",
          "checksum": "9d44995e902a37e187d05a282a684642"
        },
        {
          "type": "image",
          "assetId": "SekMlDPriK45d",
          "checksum": "630fb4a66a2bf0c9afff01ed899fdc00"
        },
        {
          "type": "image",
          "assetId": "bxstLP4eGmPK9",
          "checksum": "3464e295bbfbc72ae142aaaa13c1bbef"
        },
        {
          "type": "image",
          "assetId": "V6moc1FgZ5RLu",
          "checksum": "b2ee6e471a1d20b8be00ff92e7e49978"
        },
        {
          "type": "image",
          "assetId": "HfSwkwguR4DHd",
          "checksum": "07e63d39872f6d65bf37650fe0c43c25"
        },
        {
          "type": "image",
          "assetId": "WI_CqPENtcyST",
          "checksum": "ea9e2665b7bf2ba5c1b71a1db85f685e"
        },
        {
          "type": "image",
          "assetId": "d6-7dVGmplsJ3",
          "checksum": "0c9536ce33abcc1ceefb65e31956f0fc"
        },
        {
          "type": "image",
          "assetId": "UaaQ_4rOotHp2",
          "checksum": "e398582cf9978f7e06f78c9b159fe995"
        },
        {
          "type": "image",
          "assetId": "9XjT81auDMWb6",
          "checksum": "6eca6f50c16371207c158eeee841d5e8"
        },
        {
          "type": "image",
          "assetId": "IMSON2P5L6sP5",
          "checksum": "c348c96cad9075d3c67d913a9e957c0d"
        },
        {
          "type": "image",
          "assetId": "l3kIaaBsuXZCK",
          "checksum": "b90878402ce9b4ff109c755f79d1cafc"
        },
        {
          "type": "image",
          "assetId": "4Km7YlHbdSFNV",
          "checksum": "cb79b169d3585fb8b58c310ee28cae47"
        },
        {
          "type": "image",
          "assetId": "4yAwBPkmeC7Ug",
          "checksum": "0f516c164f32017690a51d8c615215d0"
        },
        {
          "type": "image",
          "assetId": "zF2L-5Mvi_tdx4",
          "checksum": "48900a2ac75751f2a5e6112abfac657e"
        },
        {
          "type": "image",
          "assetId": "PHdcz3fFY0xyFU",
          "checksum": "d467bb98cf452971568575f37e9b932c"
        },
        {
          "type": "image",
          "assetId": "zCCFZlvcTc1m1e",
          "checksum": "476cdcd73ab16ab72a4f09298dee1843"
        },
        {
          "type": "image",
          "assetId": "8KrvRC8BwaigaW",
          "checksum": "451a2b0259cdcf1e69eaa6f9a4819857"
        },
        {
          "type": "image",
          "assetId": "MZeAxxXNgRPWAb",
          "checksum": "a29f43a8f0c152b7e91b9c74139dbe66"
        },
        {
          "type": "image",
          "assetId": "ztBDKg6E3m8SXV",
          "checksum": "5574781bda03bb44b2edd37528ebbb7e"
        },
        {
          "type": "image",
          "assetId": "_FbVngitDBulvp",
          "checksum": "9356925266183695c05fc3baeeb80cda"
        },
        {
          "type": "image",
          "assetId": "W2b8fVwgPNuijD",
          "checksum": "d86cacaf6b0489742c465749dbf6faef"
        },
        {
          "type": "image",
          "assetId": "M4JW5qRh5fo6jy",
          "checksum": "6d2ac2c3c388b6f7921b2fb582d28974"
        },
        {
          "type": "image",
          "assetId": "xPtmfPv_N4PTcz",
          "checksum": "3755ee3121c7bc797b52675d586da667"
        },
        {
          "type": "image",
          "assetId": "wDjktrCmOBzky9",
          "checksum": "15b5a579bb315c833ada494e3eaccdf4"
        },
        {
          "type": "image",
          "assetId": "MLR_VgpSAZIRDV",
          "checksum": "1c6030ec3e664357514469a8009e2751"
        },
        {
          "type": "image",
          "assetId": "1LAKinwrN-eJU0",
          "checksum": "20d75c1dd865f93a851ef33d80167472"
        },
        {
          "type": "image",
          "assetId": "Q6I3zL0n-RZ5Vr",
          "checksum": "25dce58990c79c298ceed938c85f80b2"
        },
        {
          "type": "image",
          "assetId": "e1uONgpo0mhrOj",
          "checksum": "d1336ed2a662b157c5ec4cfa0044b97a"
        },
        {
          "type": "image",
          "assetId": "cYdGkuoE66m7N6",
          "checksum": "2b463312f2f1a0c5ce8e6cabc19bfac6"
        },
        {
          "type": "image",
          "assetId": "kgiFE28_eOZs2v",
          "checksum": "d473ecfb294bb522d85930f79f684bb0"
        },
        {
          "type": "image",
          "assetId": "nYtCb9ReEQtPND",
          "checksum": "85bc56d4a90ce0a17bdd54161bc183ed"
        },
        {
          "type": "image",
          "assetId": "YJpSJwQaW3E8Tj",
          "checksum": "ded43e7608d56278348ec6d8d950e90f"
        },
        {
          "type": "image",
          "assetId": "0V3xQLp5r-qTzk",
          "checksum": "58d23f873eae119e9f5e01573345fc29"
        },
        {
          "type": "image",
          "assetId": "umTe-UlFKkpA_I",
          "checksum": "a3c0cf0825a1a1d3f833c8519636c843"
        },
        {
          "type": "image",
          "assetId": "_fnW-Uh2bU0X3G",
          "checksum": "5a9859560d03b1162beff4badc29e054"
        },
        {
          "type": "image",
          "assetId": "Lj73nIDLStdhg_",
          "checksum": "2478f306d2225c286df42e0b7cdf1cad"
        },
        {
          "type": "image",
          "assetId": "Koy78d5OPPa-0A",
          "checksum": "71dd68c8d0ad3477e0f929af73ce680e"
        },
        {
          "type": "image",
          "assetId": "_aZRQvHJRwARyK",
          "checksum": "ed7053694a67ec9b4d97f812da0081a5"
        },
        {
          "type": "image",
          "assetId": "nMGqPnt2PphaR-",
          "checksum": "74872c328f4875bc6630cb16bcfc7bce"
        },
        {
          "type": "image",
          "assetId": "creY4weGPKF7zX",
          "checksum": "ffaafb267c3470437715e16779a26aec"
        },
        {
          "type": "image",
          "assetId": "TVobgi4oltgBiF",
          "checksum": "5bd9d69cd20c21afcb81585e08e6ab8f"
        },
        {
          "type": "image",
          "assetId": "0Ov-GJOvBFNoM3",
          "checksum": "07bafb56c8d74007c37ee0486327cca9"
        },
        {
          "type": "image",
          "assetId": "f2KMEIhXNN-L4t",
          "checksum": "17083890cba698837d809b979872f9f5"
        },
        {
          "type": "image",
          "assetId": "9YS2scxcI1fdif",
          "checksum": "2119226d62463fe9043d91e58abd12fc"
        },
        {
          "type": "image",
          "assetId": "zfDpM2M9wvQQhf",
          "checksum": "4653f9ce5260d9a57ece39701867289a"
        },
        {
          "type": "image",
          "assetId": "cvx4A53mCOu7Nh",
          "checksum": "9281163686cc8670df2f8a0eabe73231"
        },
        {
          "type": "image",
          "assetId": "DsbnD0OPB2qkBR",
          "checksum": "49be434f85b0bc53d35d8f68047ab843"
        },
        {
          "type": "image",
          "assetId": "-1gZFVbafGBCuM",
          "checksum": "3f7cce799a29bb9a1fe4bd272179cb19"
        },
        {
          "type": "image",
          "assetId": "PbwhmvhSoQ6wTy",
          "checksum": "576b9842ee08ee0cb2fa430290c08c0e"
        },
        {
          "type": "image",
          "assetId": "yNHPwKJuNspr2X",
          "checksum": "f9aca3c4219f0d95b98cf9e698ab46c1"
        },
        {
          "type": "image",
          "assetId": "0Zn15r_CMpsemj",
          "checksum": "2c6afc6b46ea3a6b083bda8ceeed1804"
        },
        {
          "type": "image",
          "assetId": "Nr8vDcE2jJQ5V7",
          "checksum": "c427be9f101bd7b341ffd30fc7c1cfb1"
        },
        {
          "type": "image",
          "assetId": "ic6ZDfJcqaUfCa",
          "checksum": "be720156edd8a3da25f6035a2c863d54"
        },
        {
          "type": "image",
          "assetId": "GDsJVsmMRSEpJX",
          "checksum": "cf6c05b37f4801c5f2ac2ad80f5d5170"
        },
        {
          "type": "image",
          "assetId": "GfWPs-dVFo3agq",
          "checksum": "6b74feb16f283401911daac822c5eb79"
        },
        {
          "type": "image",
          "assetId": "jFm_axtwvUGPuI",
          "checksum": "9a7319c259a838efc9aead09b24c7218"
        },
        {
          "type": "image",
          "assetId": "6CT20Zq6gao0fX",
          "checksum": "a986cd2abf2a7073c16af298383fdf6f"
        },
        {
          "type": "image",
          "assetId": "l-53-N8u_nwWkT",
          "checksum": "14d12bf609f7f28952cf124bf3369855"
        },
        {
          "type": "image",
          "assetId": "ASK6QgxyTb2vSv",
          "checksum": "7d2be9992a5c6e1253123c1a2c585438"
        },
        {
          "type": "image",
          "assetId": "zbd5PAwIIM4f5e",
          "checksum": "c127e518ebc885961f002ff735715483"
        },
        {
          "type": "image",
          "assetId": "TKHXE2grQKZh5m",
          "checksum": "36f2bded9bd0794e30c34a9caaa3ae27"
        },
        {
          "type": "image",
          "assetId": "Z5UpQToohxUi94",
          "checksum": "fcceabb8078f27d8ff1311edf6eba83d"
        },
        {
          "type": "image",
          "assetId": "7pL_ZJJ53P3mAh",
          "checksum": "f59aef6186b89a28ea3e2b16f806fce6"
        },
        {
          "type": "image",
          "assetId": "Wu0oB1AdmqF_0A",
          "checksum": "53f5137e2c2389dc1b1dac0b87b28793"
        },
        {
          "type": "image",
          "assetId": "IYjE6pj0RidLdb",
          "checksum": "c04783a2439aa2a7c0a1c25fd41a11f5"
        },
        {
          "type": "image",
          "assetId": "_Aw-ZElUgiKvKb",
          "checksum": "57881ec08f9a46dd9a76a2aefd95af1e"
        },
        {
          "type": "image",
          "assetId": "5XtzmsQZVfX4Ah",
          "checksum": "55a8b309d2e406251c829f16aee9ba69"
        },
        {
          "type": "image",
          "assetId": "ifSXVIQ1_ZPste",
          "checksum": "f3a042f578cdc90ac79e3e497f9c8278"
        },
        {
          "type": "image",
          "assetId": "mGjmkGElbHuGY9",
          "checksum": "16ac56a23bd7720063a75242acad04c4"
        },
        {
          "type": "image",
          "assetId": "5wLt2KBAJ_FLEk",
          "checksum": "948da4a2a11a23e45eaf27a971da4bc4"
        },
        {
          "type": "image",
          "assetId": "D2h0tnF5A7KugI",
          "checksum": "7af3e855a9ebae42be4eb42e50579a74"
        },
        {
          "type": "image",
          "assetId": "Fr1AMGU7EJouFi",
          "checksum": "2c22834eedc7afa20baae2d7d3c8f41b"
        },
        {
          "type": "image",
          "assetId": "G8xZpseQ_YyIPm",
          "checksum": "3d42c607356e1467163b981021197366"
        },
        {
          "type": "image",
          "assetId": "S4bLJVhyfQ68o2",
          "checksum": "e6af3aa2e6511b0b463b863f47520dd6"
        },
        {
          "type": "image",
          "assetId": "lnT2CSJT5Krbaf",
          "checksum": "bb21f83a0001ebd9d9489644730ce0bc"
        },
        {
          "type": "image",
          "assetId": "82VsxrOrRJLYNA",
          "checksum": "7391f59c8e657c8629320952884999ae"
        },
        {
          "type": "image",
          "assetId": "NZ8sSX4uwI6wOE",
          "checksum": "bb4dfeb32eef9289c60b41464393581c"
        },
        {
          "type": "image",
          "assetId": "4V1gs1Fdkm7nBJ",
          "checksum": "e537859d17f14dd6cb51d749223b21b4"
        },
        {
          "type": "image",
          "assetId": "PgsqbagXmEHBkb",
          "checksum": "0d0b1b8e05393852bd1550eb171e9238"
        },
        {
          "type": "image",
          "assetId": "jo83xDTB_rJazd",
          "checksum": "cfc3ed5f46febe6098bdd236548fd694"
        },
        {
          "type": "image",
          "assetId": "rr74wJcXTA_Icu",
          "checksum": "b72bef08f485c0dcee5330870b36f71d"
        },
        {
          "type": "image",
          "assetId": "3F5bJn9c5Y2f3T",
          "checksum": "27a8d24034fa5ae6ed4ae9632cdadcdb"
        },
        {
          "type": "image",
          "assetId": "H3AErqVzuVAoi2",
          "checksum": "9d30be0d6ece68e9e1b26cd8e2305add"
        },
        {
          "type": "image",
          "assetId": "Hwhnlk0LRXEgH_",
          "checksum": "23053484ea6c8c93064572cc1d830a3c"
        },
        {
          "type": "image",
          "assetId": "jMHuBZsSgW4KdJ",
          "checksum": "21ad4b7fbbe46f443a1f71ac1de8ee2d"
        },
        {
          "type": "image",
          "assetId": "BEqJWnxyRhQBxl",
          "checksum": "a8d0cecb811e01e5beccb145b2b97922"
        },
        {
          "type": "image",
          "assetId": "a97g6X1Co9lizN",
          "checksum": "7c8694aed316ade5353c77857e0801fb"
        },
        {
          "type": "image",
          "assetId": "FaPB2cET3yKdVD",
          "checksum": "944c05145522854869721c4b6d8c788b"
        },
        {
          "type": "image",
          "assetId": "4SKq3IhGsSz8xe",
          "checksum": "a617e2336ae6c1647c4dcbb4ed0d257f"
        },
        {
          "type": "image",
          "assetId": "iTy6eMI5fEVSKP",
          "checksum": "61295ab0ceab8d36d31d3edd7db1e78d"
        },
        {
          "type": "image",
          "assetId": "DLvb0a-EQz54u1",
          "checksum": "2febc04d35280cd588c793086dc3fdb8"
        },
        {
          "type": "image",
          "assetId": "6BPiqNrMaW7kHI",
          "checksum": "26b590152dceb88ec8755e56e2445af6"
        },
        {
          "type": "image",
          "assetId": "6_4IHSEMaQ4kYM",
          "checksum": "c8ea6d41c9c71e2066733b0b7b7c3077"
        },
        {
          "type": "image",
          "assetId": "RtKm54pVIwiV00",
          "checksum": "8e91002734557acf232debffaf2b8918"
        },
        {
          "type": "image",
          "assetId": "PLfrkHJRMjwOQv",
          "checksum": "6a5b9f5c4293d2f09e832a6d2905302d"
        },
        {
          "type": "image",
          "assetId": "gpQOnAdQ2bjui5",
          "checksum": "6080a048edf2e6d04e970db51b374f64"
        },
        {
          "type": "image",
          "assetId": "SOMymdVbm9sUzR",
          "checksum": "2a69524fe18e6fe20212c61a3eb93911"
        },
        {
          "type": "image",
          "assetId": "n0pfh2bA2hMyut",
          "checksum": "9a74f56a290f5d7716cace522d10dd80"
        },
        {
          "type": "image",
          "assetId": "3j2yxWoeZYfGIc",
          "checksum": "004ee0519ea6f1bbc71ae2187cef1189"
        },
        {
          "type": "image",
          "assetId": "v-ozn0dtpEAhFs",
          "checksum": "3cdf72224d64357a3b7d5bd92bf2f6ee"
        },
        {
          "type": "image",
          "assetId": "4Q11_oSs925PJj",
          "checksum": "d74a85238f40d834691ad58590c29c65"
        },
        {
          "type": "image",
          "assetId": "THSYBBBkYWSklB",
          "checksum": "1e6d722a89f578bb21cea7c18eeca27b"
        },
        {
          "type": "image",
          "assetId": "FoKF7ZoC_Bu-ri",
          "checksum": "b07c18a372a5ce2e61129f3295d49f67"
        },
        {
          "type": "image",
          "assetId": "v8iUP98opOFmKD",
          "checksum": "1634bc1cb6522749ef4aad832270fdb0"
        },
        {
          "type": "image",
          "assetId": "pdJYTN_AwCy4dv",
          "checksum": "91bcc77aedecc89b13048cab4226ec69"
        }
      ],
      "codegenVersion": "0.0.1"
    }
  ],
  "cliVersion": "0.1.244"
}
